
Microsoft Visual Studio Solution File, Format Version 11.00
# Visual Studio 2010
Project("{FAE04EC0-301F-11D3-BF4B-00C04F79EFBC}") = "Assembly-CSharp", "Assembly-CSharp.csproj", "{cecd816d-d5c9-136f-c0cd-064f4c65292e}"
EndProject
Project("{FAE04EC0-301F-11D3-BF4B-00C04F79EFBC}") = "Assembly-CSharp-Editor", "Assembly-CSharp-Editor.csproj", "{aaa534c7-b031-cf2d-a5ec-19182394cf21}"
EndProject
Global
	GlobalSection(SolutionConfigurationPlatforms) = preSolution
		Debug|Any CPU = Debug|Any CPU
	EndGlobalSection
	GlobalSection(ProjectConfigurationPlatforms) = postSolution
		{cecd816d-d5c9-136f-c0cd-064f4c65292e}.Debug|Any CPU.ActiveCfg = Debug|Any CPU
		{cecd816d-d5c9-136f-c0cd-064f4c65292e}.Debug|Any CPU.Build.0 = Debug|Any CPU
		{aaa534c7-b031-cf2d-a5ec-19182394cf21}.Debug|Any CPU.ActiveCfg = Debug|Any CPU
		{aaa534c7-b031-cf2d-a5ec-19182394cf21}.Debug|Any CPU.Build.0 = Debug|Any CPU
	EndGlobalSection
	GlobalSection(SolutionProperties) = preSolution
		HideSolutionNode = FALSE
	EndGlobalSection
EndGlobal
